
Microsoft Visual Studio Solution File, Format Version 12.00
# Visual Studio Version 17
VisualStudioVersion = 17.0.31903.59
MinimumVisualStudioVersion = 10.0.40219.1
Project("{2150E333-8FDC-42A3-9474-1A3956D46DE8}") = "src", "src", "{DA5CC60B-AA35-4640-A1E7-EAA1DC99C95D}"
EndProject
Project("{FAE04EC0-301F-11D3-BF4B-00C04F79EFBC}") = "DCML.Core", "src\DCML.Core\DCML.Core.csproj", "{1F3F780B-12B3-4F2E-9F6B-D7D11797FC64}"
EndProject
Project("{FAE04EC0-301F-11D3-BF4B-00C04F79EFBC}") = "DCML.DataCenter", "src\DCML.DataCenter\DCML.DataCenter.csproj", "{6AC12625-D6B4-4B84-8D77-C60888A56D5C}"
EndProject
Project("{2150E333-8FDC-42A3-9474-1A3956D46DE8}") = "tests", "tests", "{CD23F62F-5B48-4A7C-BDB7-864CD0771074}"
EndProject
Project("{FAE04EC0-301F-11D3-BF4B-00C04F79EFBC}") = "DCML.Core.Tests", "tests\DCML.Core.Tests\DCML.Core.Tests.csproj", "{9E83016E-AC10-41A6-B1EC-B8F3D56F28A1}"
EndProject
Project("{FAE04EC0-301F-11D3-BF4B-00C04F79EFBC}") = "DCML.Loader.MelonLoader", "src\DCML.Loader.MelonLoader\DCML.Loader.MelonLoader.csproj", "{AF97414A-3E68-4C1B-9264-46F1CF947B8B}"
EndProject
Project("{FAE04EC0-301F-11D3-BF4B-00C04F79EFBC}") = "DCML.TestModule", "src\DCML.TestModule\DCML.TestModule.csproj", "{2AFEE694-3E18-4D0D-89A2-B41C7CA41F69}"
EndProject
Project("{FAE04EC0-301F-11D3-BF4B-00C04F79EFBC}") = "DCML.Persistence.Helper", "src\DCML.Persistence.Helper\DCML.Persistence.Helper.csproj", "{C952CA52-79BD-41C2-9887-5170F010B957}"
EndProject
Project("{FAE04EC0-301F-11D3-BF4B-00C04F79EFBC}") = "DCML.MultiModuleProbe.Publisher", "src\DCML.MultiModuleProbe.Publisher\DCML.MultiModuleProbe.Publisher.csproj", "{B6ED89D4-84B6-495F-9797-B82C9945522E}"
EndProject
Project("{FAE04EC0-301F-11D3-BF4B-00C04F79EFBC}") = "DCML.MultiModuleProbe.Consumer", "src\DCML.MultiModuleProbe.Consumer\DCML.MultiModuleProbe.Consumer.csproj", "{AF8F683D-8C4B-441D-8C06-9C8D4BE3E8E8}"
EndProject
Project("{FAE04EC0-301F-11D3-BF4B-00C04F79EFBC}") = "DCML.OptionalProbe.Provider", "src\DCML.OptionalProbe.Provider\DCML.OptionalProbe.Provider.csproj", "{D6E87312-91C9-487C-9BBB-1036A6E1164B}"
EndProject
Project("{FAE04EC0-301F-11D3-BF4B-00C04F79EFBC}") = "DCML.OptionalProbe.Consumer", "src\DCML.OptionalProbe.Consumer\DCML.OptionalProbe.Consumer.csproj", "{07552637-10D4-47BB-A433-A245AF6DBCAE}"
EndProject
Project("{FAE04EC0-301F-11D3-BF4B-00C04F79EFBC}") = "DCML.CompatibilityProbe.UnsupportedCapability", "src\DCML.CompatibilityProbe.UnsupportedCapability\DCML.CompatibilityProbe.UnsupportedCapability.csproj", "{DB022C60-CABB-408C-8DAD-CD25457AA492}"
EndProject
Global
	GlobalSection(SolutionConfigurationPlatforms) = preSolution
		Debug|Any CPU = Debug|Any CPU
		Release|Any CPU = Release|Any CPU
	EndGlobalSection
	GlobalSection(SolutionProperties) = preSolution
		HideSolutionNode = FALSE
	EndGlobalSection
	GlobalSection(ProjectConfigurationPlatforms) = postSolution
		{1F3F780B-12B3-4F2E-9F6B-D7D11797FC64}.Debug|Any CPU.ActiveCfg = Debug|Any CPU
		{1F3F780B-12B3-4F2E-9F6B-D7D11797FC64}.Debug|Any CPU.Build.0 = Debug|Any CPU
		{1F3F780B-12B3-4F2E-9F6B-D7D11797FC64}.Release|Any CPU.ActiveCfg = Release|Any CPU
		{1F3F780B-12B3-4F2E-9F6B-D7D11797FC64}.Release|Any CPU.Build.0 = Release|Any CPU
		{6AC12625-D6B4-4B84-8D77-C60888A56D5C}.Debug|Any CPU.ActiveCfg = Debug|Any CPU
		{6AC12625-D6B4-4B84-8D77-C60888A56D5C}.Debug|Any CPU.Build.0 = Debug|Any CPU
		{6AC12625-D6B4-4B84-8D77-C60888A56D5C}.Release|Any CPU.ActiveCfg = Release|Any CPU
		{6AC12625-D6B4-4B84-8D77-C60888A56D5C}.Release|Any CPU.Build.0 = Release|Any CPU
		{9E83016E-AC10-41A6-B1EC-B8F3D56F28A1}.Debug|Any CPU.ActiveCfg = Debug|Any CPU
		{9E83016E-AC10-41A6-B1EC-B8F3D56F28A1}.Debug|Any CPU.Build.0 = Debug|Any CPU
		{9E83016E-AC10-41A6-B1EC-B8F3D56F28A1}.Release|Any CPU.ActiveCfg = Release|Any CPU
		{9E83016E-AC10-41A6-B1EC-B8F3D56F28A1}.Release|Any CPU.Build.0 = Release|Any CPU
		{AF97414A-3E68-4C1B-9264-46F1CF947B8B}.Debug|Any CPU.ActiveCfg = Debug|Any CPU
		{AF97414A-3E68-4C1B-9264-46F1CF947B8B}.Debug|Any CPU.Build.0 = Debug|Any CPU
		{AF97414A-3E68-4C1B-9264-46F1CF947B8B}.Release|Any CPU.ActiveCfg = Release|Any CPU
		{AF97414A-3E68-4C1B-9264-46F1CF947B8B}.Release|Any CPU.Build.0 = Release|Any CPU
		{2AFEE694-3E18-4D0D-89A2-B41C7CA41F69}.Debug|Any CPU.ActiveCfg = Debug|Any CPU
		{2AFEE694-3E18-4D0D-89A2-B41C7CA41F69}.Debug|Any CPU.Build.0 = Debug|Any CPU
		{2AFEE694-3E18-4D0D-89A2-B41C7CA41F69}.Release|Any CPU.ActiveCfg = Release|Any CPU
		{2AFEE694-3E18-4D0D-89A2-B41C7CA41F69}.Release|Any CPU.Build.0 = Release|Any CPU
		{C952CA52-79BD-41C2-9887-5170F010B957}.Debug|Any CPU.ActiveCfg = Debug|Any CPU
		{C952CA52-79BD-41C2-9887-5170F010B957}.Debug|Any CPU.Build.0 = Debug|Any CPU
		{C952CA52-79BD-41C2-9887-5170F010B957}.Release|Any CPU.ActiveCfg = Release|Any CPU
		{C952CA52-79BD-41C2-9887-5170F010B957}.Release|Any CPU.Build.0 = Release|Any CPU
		{B6ED89D4-84B6-495F-9797-B82C9945522E}.Debug|Any CPU.ActiveCfg = Debug|Any CPU
		{B6ED89D4-84B6-495F-9797-B82C9945522E}.Debug|Any CPU.Build.0 = Debug|Any CPU
		{B6ED89D4-84B6-495F-9797-B82C9945522E}.Release|Any CPU.ActiveCfg = Release|Any CPU
		{B6ED89D4-84B6-495F-9797-B82C9945522E}.Release|Any CPU.Build.0 = Release|Any CPU
		{AF8F683D-8C4B-441D-8C06-9C8D4BE3E8E8}.Debug|Any CPU.ActiveCfg = Debug|Any CPU
		{AF8F683D-8C4B-441D-8C06-9C8D4BE3E8E8}.Debug|Any CPU.Build.0 = Debug|Any CPU
		{AF8F683D-8C4B-441D-8C06-9C8D4BE3E8E8}.Release|Any CPU.ActiveCfg = Release|Any CPU
		{AF8F683D-8C4B-441D-8C06-9C8D4BE3E8E8}.Release|Any CPU.Build.0 = Release|Any CPU
		{D6E87312-91C9-487C-9BBB-1036A6E1164B}.Debug|Any CPU.ActiveCfg = Debug|Any CPU
		{D6E87312-91C9-487C-9BBB-1036A6E1164B}.Debug|Any CPU.Build.0 = Debug|Any CPU
		{D6E87312-91C9-487C-9BBB-1036A6E1164B}.Release|Any CPU.ActiveCfg = Release|Any CPU
		{D6E87312-91C9-487C-9BBB-1036A6E1164B}.Release|Any CPU.Build.0 = Release|Any CPU
		{07552637-10D4-47BB-A433-A245AF6DBCAE}.Debug|Any CPU.ActiveCfg = Debug|Any CPU
		{07552637-10D4-47BB-A433-A245AF6DBCAE}.Debug|Any CPU.Build.0 = Debug|Any CPU
		{07552637-10D4-47BB-A433-A245AF6DBCAE}.Release|Any CPU.ActiveCfg = Release|Any CPU
		{07552637-10D4-47BB-A433-A245AF6DBCAE}.Release|Any CPU.Build.0 = Release|Any CPU
		{DB022C60-CABB-408C-8DAD-CD25457AA492}.Debug|Any CPU.ActiveCfg = Debug|Any CPU
		{DB022C60-CABB-408C-8DAD-CD25457AA492}.Debug|Any CPU.Build.0 = Debug|Any CPU
		{DB022C60-CABB-408C-8DAD-CD25457AA492}.Release|Any CPU.ActiveCfg = Release|Any CPU
		{DB022C60-CABB-408C-8DAD-CD25457AA492}.Release|Any CPU.Build.0 = Release|Any CPU
	EndGlobalSection
	GlobalSection(NestedProjects) = preSolution
		{1F3F780B-12B3-4F2E-9F6B-D7D11797FC64} = {DA5CC60B-AA35-4640-A1E7-EAA1DC99C95D}
		{6AC12625-D6B4-4B84-8D77-C60888A56D5C} = {DA5CC60B-AA35-4640-A1E7-EAA1DC99C95D}
		{9E83016E-AC10-41A6-B1EC-B8F3D56F28A1} = {CD23F62F-5B48-4A7C-BDB7-864CD0771074}
		{AF97414A-3E68-4C1B-9264-46F1CF947B8B} = {DA5CC60B-AA35-4640-A1E7-EAA1DC99C95D}
		{2AFEE694-3E18-4D0D-89A2-B41C7CA41F69} = {DA5CC60B-AA35-4640-A1E7-EAA1DC99C95D}
		{C952CA52-79BD-41C2-9887-5170F010B957} = {DA5CC60B-AA35-4640-A1E7-EAA1DC99C95D}
		{B6ED89D4-84B6-495F-9797-B82C9945522E} = {DA5CC60B-AA35-4640-A1E7-EAA1DC99C95D}
		{AF8F683D-8C4B-441D-8C06-9C8D4BE3E8E8} = {DA5CC60B-AA35-4640-A1E7-EAA1DC99C95D}
		{D6E87312-91C9-487C-9BBB-1036A6E1164B} = {DA5CC60B-AA35-4640-A1E7-EAA1DC99C95D}
		{07552637-10D4-47BB-A433-A245AF6DBCAE} = {DA5CC60B-AA35-4640-A1E7-EAA1DC99C95D}
		{DB022C60-CABB-408C-8DAD-CD25457AA492} = {DA5CC60B-AA35-4640-A1E7-EAA1DC99C95D}
	EndGlobalSection
EndGlobal
