
Microsoft Visual Studio Solution File, Format Version 12.00
# Visual Studio Version 17
VisualStudioVersion = 17.0.31903.59
MinimumVisualStudioVersion = 10.0.40219.1
Project("{2150E333-8FDC-42A3-9474-1A3956D46DE8}") = "src", "src", "{DA5CC60B-AA35-4640-A1E7-EAA1DC99C95D}"
EndProject
Project("{FAE04EC0-301F-11D3-BF4B-00C04F79EFBC}") = "DCML.Core", "src\DCML.Core\DCML.Core.csproj", "{1F3F780B-12B3-4F2E-9F6B-D7D11797FC64}"
EndProject
Project("{FAE04EC0-301F-11D3-BF4B-00C04F79EFBC}") = "DCML.DataCenter", "src\DCML.DataCenter\DCML.DataCenter.csproj", "{6AC12625-D6B4-4B84-8D77-C60888A56D5C}"
EndProject
Project("{2150E333-8FDC-42A3-9474-1A3956D46DE8}") = "tests", "tests", "{CD23F62F-5B48-4A7C-BDB7-864CD0771074}"
EndProject
Project("{FAE04EC0-301F-11D3-BF4B-00C04F79EFBC}") = "DCML.Core.Tests", "tests\DCML.Core.Tests\DCML.Core.Tests.csproj", "{9E83016E-AC10-41A6-B1EC-B8F3D56F28A1}"
EndProject
Project("{FAE04EC0-301F-11D3-BF4B-00C04F79EFBC}") = "DCML.Loader.MelonLoader", "src\DCML.Loader.MelonLoader\DCML.Loader.MelonLoader.csproj", "{AF97414A-3E68-4C1B-9264-46F1CF947B8B}"
EndProject
Project("{FAE04EC0-301F-11D3-BF4B-00C04F79EFBC}") = "DCML.TestModule", "src\DCML.TestModule\DCML.TestModule.csproj", "{2AFEE694-3E18-4D0D-89A2-B41C7CA41F69}"
EndProject
Project("{FAE04EC0-301F-11D3-BF4B-00C04F79EFBC}") = "DCML.Persistence.Helper", "src\DCML.Persistence.Helper\DCML.Persistence.Helper.csproj", "{C952CA52-79BD-41C2-9887-5170F010B957}"
EndProject
Global
	GlobalSection(SolutionConfigurationPlatforms) = preSolution
		Debug|Any CPU = Debug|Any CPU
		Release|Any CPU = Release|Any CPU
	EndGlobalSection
	GlobalSection(SolutionProperties) = preSolution
		HideSolutionNode = FALSE
	EndGlobalSection
	GlobalSection(ProjectConfigurationPlatforms) = postSolution
		{1F3F780B-12B3-4F2E-9F6B-D7D11797FC64}.Debug|Any CPU.ActiveCfg = Debug|Any CPU
		{1F3F780B-12B3-4F2E-9F6B-D7D11797FC64}.Debug|Any CPU.Build.0 = Debug|Any CPU
		{1F3F780B-12B3-4F2E-9F6B-D7D11797FC64}.Release|Any CPU.ActiveCfg = Release|Any CPU
		{1F3F780B-12B3-4F2E-9F6B-D7D11797FC64}.Release|Any CPU.Build.0 = Release|Any CPU
		{6AC12625-D6B4-4B84-8D77-C60888A56D5C}.Debug|Any CPU.ActiveCfg = Debug|Any CPU
		{6AC12625-D6B4-4B84-8D77-C60888A56D5C}.Debug|Any CPU.Build.0 = Debug|Any CPU
		{6AC12625-D6B4-4B84-8D77-C60888A56D5C}.Release|Any CPU.ActiveCfg = Release|Any CPU
		{6AC12625-D6B4-4B84-8D77-C60888A56D5C}.Release|Any CPU.Build.0 = Release|Any CPU
		{9E83016E-AC10-41A6-B1EC-B8F3D56F28A1}.Debug|Any CPU.ActiveCfg = Debug|Any CPU
		{9E83016E-AC10-41A6-B1EC-B8F3D56F28A1}.Debug|Any CPU.Build.0 = Debug|Any CPU
		{9E83016E-AC10-41A6-B1EC-B8F3D56F28A1}.Release|Any CPU.ActiveCfg = Release|Any CPU
		{9E83016E-AC10-41A6-B1EC-B8F3D56F28A1}.Release|Any CPU.Build.0 = Release|Any CPU
		{AF97414A-3E68-4C1B-9264-46F1CF947B8B}.Debug|Any CPU.ActiveCfg = Debug|Any CPU
		{AF97414A-3E68-4C1B-9264-46F1CF947B8B}.Debug|Any CPU.Build.0 = Debug|Any CPU
		{AF97414A-3E68-4C1B-9264-46F1CF947B8B}.Release|Any CPU.ActiveCfg = Release|Any CPU
		{AF97414A-3E68-4C1B-9264-46F1CF947B8B}.Release|Any CPU.Build.0 = Release|Any CPU
		{2AFEE694-3E18-4D0D-89A2-B41C7CA41F69}.Debug|Any CPU.ActiveCfg = Debug|Any CPU
		{2AFEE694-3E18-4D0D-89A2-B41C7CA41F69}.Debug|Any CPU.Build.0 = Debug|Any CPU
		{2AFEE694-3E18-4D0D-89A2-B41C7CA41F69}.Release|Any CPU.ActiveCfg = Release|Any CPU
		{2AFEE694-3E18-4D0D-89A2-B41C7CA41F69}.Release|Any CPU.Build.0 = Release|Any CPU
		{C952CA52-79BD-41C2-9887-5170F010B957}.Debug|Any CPU.ActiveCfg = Debug|Any CPU
		{C952CA52-79BD-41C2-9887-5170F010B957}.Debug|Any CPU.Build.0 = Debug|Any CPU
		{C952CA52-79BD-41C2-9887-5170F010B957}.Release|Any CPU.ActiveCfg = Release|Any CPU
		{C952CA52-79BD-41C2-9887-5170F010B957}.Release|Any CPU.Build.0 = Release|Any CPU
	EndGlobalSection
	GlobalSection(NestedProjects) = preSolution
		{1F3F780B-12B3-4F2E-9F6B-D7D11797FC64} = {DA5CC60B-AA35-4640-A1E7-EAA1DC99C95D}
		{6AC12625-D6B4-4B84-8D77-C60888A56D5C} = {DA5CC60B-AA35-4640-A1E7-EAA1DC99C95D}
		{9E83016E-AC10-41A6-B1EC-B8F3D56F28A1} = {CD23F62F-5B48-4A7C-BDB7-864CD0771074}
		{AF97414A-3E68-4C1B-9264-46F1CF947B8B} = {DA5CC60B-AA35-4640-A1E7-EAA1DC99C95D}
		{2AFEE694-3E18-4D0D-89A2-B41C7CA41F69} = {DA5CC60B-AA35-4640-A1E7-EAA1DC99C95D}
		{C952CA52-79BD-41C2-9887-5170F010B957} = {DA5CC60B-AA35-4640-A1E7-EAA1DC99C95D}
	EndGlobalSection
EndGlobal
